
Microsoft Visual Studio Solution File, Format Version 12.00
# Visual Studio 14
VisualStudioVersion = 14.0.25420.1
MinimumVisualStudioVersion = 10.0.40219.1
Project("{2150E333-8FDC-42A3-9474-1A3956D46DE8}") = "src", "src", "{2D3A5DDB-EADA-43E1-8F34-96C22EF25DDD}"
EndProject
Project("{2150E333-8FDC-42A3-9474-1A3956D46DE8}") = "Solution Items", "Solution Items", "{8EB7ED56-30DB-4956-A7A4-4CE4B89610D9}"
	ProjectSection(SolutionItems) = preProject
		global.json = global.json
	EndProjectSection
EndProject
Project("{8BB2217D-0F2D-49D1-97BC-3654ED321F3B}") = "DemoConsole", "src\DemoConsole\DemoConsole.xproj", "{B50EEF65-07CB-40E9-AF8F-C941F7954F64}"
EndProject
Global
	GlobalSection(SolutionConfigurationPlatforms) = preSolution
		Debug|Any CPU = Debug|Any CPU
		Release|Any CPU = Release|Any CPU
	EndGlobalSection
	GlobalSection(ProjectConfigurationPlatforms) = postSolution
		{B50EEF65-07CB-40E9-AF8F-C941F7954F64}.Debug|Any CPU.ActiveCfg = Debug|Any CPU
		{B50EEF65-07CB-40E9-AF8F-C941F7954F64}.Debug|Any CPU.Build.0 = Debug|Any CPU
		{B50EEF65-07CB-40E9-AF8F-C941F7954F64}.Release|Any CPU.ActiveCfg = Release|Any CPU
		{B50EEF65-07CB-40E9-AF8F-C941F7954F64}.Release|Any CPU.Build.0 = Release|Any CPU
	EndGlobalSection
	GlobalSection(SolutionProperties) = preSolution
		HideSolutionNode = FALSE
	EndGlobalSection
	GlobalSection(NestedProjects) = preSolution
		{B50EEF65-07CB-40E9-AF8F-C941F7954F64} = {2D3A5DDB-EADA-43E1-8F34-96C22EF25DDD}
	EndGlobalSection
EndGlobal
